
Microsoft Visual Studio Solution File, Format Version 12.00
# Visual Studio Version 17
VisualStudioVersion = 17.5.33424.131
MinimumVisualStudioVersion = 10.0.40219.1
Project("{FAE04EC0-301F-11D3-BF4B-00C04F79EFBC}") = "WinFormsApp1", "WinFormsApp1\WinFormsApp1.csproj", "{62CEC449-D64C-4CD6-B7F3-AF204A432730}"
EndProject
Global
	GlobalSection(SolutionConfigurationPlatforms) = preSolution
		Debug|Any CPU = Debug|Any CPU
		Release|Any CPU = Release|Any CPU
	EndGlobalSection
	GlobalSection(ProjectConfigurationPlatforms) = postSolution
		{62CEC449-D64C-4CD6-B7F3-AF204A432730}.Debug|Any CPU.ActiveCfg = Debug|Any CPU
		{62CEC449-D64C-4CD6-B7F3-AF204A432730}.Debug|Any CPU.Build.0 = Debug|Any CPU
		{62CEC449-D64C-4CD6-B7F3-AF204A432730}.Release|Any CPU.ActiveCfg = Release|Any CPU
		{62CEC449-D64C-4CD6-B7F3-AF204A432730}.Release|Any CPU.Build.0 = Release|Any CPU
	EndGlobalSection
	GlobalSection(SolutionProperties) = preSolution
		HideSolutionNode = FALSE
	EndGlobalSection
	GlobalSection(ExtensibilityGlobals) = postSolution
		SolutionGuid = {7FCF5897-6CAB-4EE2-8753-B4DEAECF6087}
	EndGlobalSection
EndGlobal
